
Microsoft Visual Studio Solution File, Format Version 12.00
# Visual Studio 15
VisualStudioVersion = 15.0.26430.14
MinimumVisualStudioVersion = 10.0.40219.1
Project("{8BC9CEB8-8B4A-11D0-8D11-00A0C91BC942}") = "resource_manage", "resource_manage\resource_manage.vcxproj", "{33BAEB75-7138-4C46-8FB6-83DB1965CBAC}"
EndProject
Project("{8BC9CEB8-8B4A-11D0-8D11-00A0C91BC942}") = "gtest", "gtest\gtest.vcxproj", "{684FA9FF-E3E8-4A37-B51C-881EEFD8EB3A}"
EndProject
Project("{8BC9CEB8-8B4A-11D0-8D11-00A0C91BC942}") = "test", "test\test.vcxproj", "{7ADD584B-189B-4150-8CC5-BFB075A44B48}"
EndProject
Global
	GlobalSection(SolutionConfigurationPlatforms) = preSolution
		Debug|x64 = Debug|x64
		Debug|x86 = Debug|x86
		Release|x64 = Release|x64
		Release|x86 = Release|x86
	EndGlobalSection
	GlobalSection(ProjectConfigurationPlatforms) = postSolution
		{33BAEB75-7138-4C46-8FB6-83DB1965CBAC}.Debug|x64.ActiveCfg = Debug|x64
		{33BAEB75-7138-4C46-8FB6-83DB1965CBAC}.Debug|x64.Build.0 = Debug|x64
		{33BAEB75-7138-4C46-8FB6-83DB1965CBAC}.Debug|x86.ActiveCfg = Debug|Win32
		{33BAEB75-7138-4C46-8FB6-83DB1965CBAC}.Debug|x86.Build.0 = Debug|Win32
		{33BAEB75-7138-4C46-8FB6-83DB1965CBAC}.Release|x64.ActiveCfg = Release|x64
		{33BAEB75-7138-4C46-8FB6-83DB1965CBAC}.Release|x64.Build.0 = Release|x64
		{33BAEB75-7138-4C46-8FB6-83DB1965CBAC}.Release|x86.ActiveCfg = Release|Win32
		{33BAEB75-7138-4C46-8FB6-83DB1965CBAC}.Release|x86.Build.0 = Release|Win32
		{684FA9FF-E3E8-4A37-B51C-881EEFD8EB3A}.Debug|x64.ActiveCfg = Debug|x64
		{684FA9FF-E3E8-4A37-B51C-881EEFD8EB3A}.Debug|x64.Build.0 = Debug|x64
		{684FA9FF-E3E8-4A37-B51C-881EEFD8EB3A}.Debug|x86.ActiveCfg = Debug|Win32
		{684FA9FF-E3E8-4A37-B51C-881EEFD8EB3A}.Debug|x86.Build.0 = Debug|Win32
		{684FA9FF-E3E8-4A37-B51C-881EEFD8EB3A}.Release|x64.ActiveCfg = Release|x64
		{684FA9FF-E3E8-4A37-B51C-881EEFD8EB3A}.Release|x64.Build.0 = Release|x64
		{684FA9FF-E3E8-4A37-B51C-881EEFD8EB3A}.Release|x86.ActiveCfg = Release|Win32
		{684FA9FF-E3E8-4A37-B51C-881EEFD8EB3A}.Release|x86.Build.0 = Release|Win32
		{7ADD584B-189B-4150-8CC5-BFB075A44B48}.Debug|x64.ActiveCfg = Debug|x64
		{7ADD584B-189B-4150-8CC5-BFB075A44B48}.Debug|x64.Build.0 = Debug|x64
		{7ADD584B-189B-4150-8CC5-BFB075A44B48}.Debug|x86.ActiveCfg = Debug|Win32
		{7ADD584B-189B-4150-8CC5-BFB075A44B48}.Debug|x86.Build.0 = Debug|Win32
		{7ADD584B-189B-4150-8CC5-BFB075A44B48}.Release|x64.ActiveCfg = Release|x64
		{7ADD584B-189B-4150-8CC5-BFB075A44B48}.Release|x64.Build.0 = Release|x64
		{7ADD584B-189B-4150-8CC5-BFB075A44B48}.Release|x86.ActiveCfg = Release|Win32
		{7ADD584B-189B-4150-8CC5-BFB075A44B48}.Release|x86.Build.0 = Release|Win32
	EndGlobalSection
	GlobalSection(SolutionProperties) = preSolution
		HideSolutionNode = FALSE
	EndGlobalSection
EndGlobal
